
Microsoft Visual Studio Solution File, Format Version 12.00
# Visual Studio Version 16
VisualStudioVersion = 16.0.32126.315
MinimumVisualStudioVersion = 10.0.40219.1
Project("{159641D6-6404-4A2A-AE62-294DE0FE8301}") = "ETL-project-2", "ETL-project-2\ETL-project-2.dtproj", "{32094A27-913E-4114-A372-590B3AACD57B}"
EndProject
Global
	GlobalSection(SolutionConfigurationPlatforms) = preSolution
		Development|Default = Development|Default
	EndGlobalSection
	GlobalSection(ProjectConfigurationPlatforms) = postSolution
		{32094A27-913E-4114-A372-590B3AACD57B}.Development|Default.ActiveCfg = Development
		{32094A27-913E-4114-A372-590B3AACD57B}.Development|Default.Build.0 = Development
	EndGlobalSection
	GlobalSection(SolutionProperties) = preSolution
		HideSolutionNode = FALSE
	EndGlobalSection
	GlobalSection(ExtensibilityGlobals) = postSolution
		SolutionGuid = {80D59E00-FB90-42B6-A5EE-ABA9634B3095}
	EndGlobalSection
EndGlobal
